
Microsoft Visual Studio Solution File, Format Version 12.00
# Visual Studio 15
VisualStudioVersion = 15.0.28307.271
MinimumVisualStudioVersion = 10.0.40219.1
Project("{FAE04EC0-301F-11D3-BF4B-00C04F79EFBC}") = "LazyNews.WebUI", "WebUI\LazyNews.WebUI.csproj", "{B7684A97-8B53-4D52-B6E8-5F7D22F4EAA9}"
EndProject
Project("{FAE04EC0-301F-11D3-BF4B-00C04F79EFBC}") = "LazyNews.Core", "LazyNews.Core\LazyNews.Core.csproj", "{ED75F19C-C117-4BD7-85BB-9361ECDE038F}"
EndProject
Project("{FAE04EC0-301F-11D3-BF4B-00C04F79EFBC}") = "LazyNews.DataAccess.SQL", "LazyNews.DataAccess.SQL\LazyNews.DataAccess.SQL.csproj", "{B4D22082-28C9-47B7-B1E9-8D462D219083}"
EndProject
Global
	GlobalSection(SolutionConfigurationPlatforms) = preSolution
		Debug|Any CPU = Debug|Any CPU
		Release|Any CPU = Release|Any CPU
	EndGlobalSection
	GlobalSection(ProjectConfigurationPlatforms) = postSolution
		{B7684A97-8B53-4D52-B6E8-5F7D22F4EAA9}.Debug|Any CPU.ActiveCfg = Debug|Any CPU
		{B7684A97-8B53-4D52-B6E8-5F7D22F4EAA9}.Debug|Any CPU.Build.0 = Debug|Any CPU
		{B7684A97-8B53-4D52-B6E8-5F7D22F4EAA9}.Release|Any CPU.ActiveCfg = Release|Any CPU
		{B7684A97-8B53-4D52-B6E8-5F7D22F4EAA9}.Release|Any CPU.Build.0 = Release|Any CPU
		{ED75F19C-C117-4BD7-85BB-9361ECDE038F}.Debug|Any CPU.ActiveCfg = Debug|Any CPU
		{ED75F19C-C117-4BD7-85BB-9361ECDE038F}.Debug|Any CPU.Build.0 = Debug|Any CPU
		{ED75F19C-C117-4BD7-85BB-9361ECDE038F}.Release|Any CPU.ActiveCfg = Release|Any CPU
		{ED75F19C-C117-4BD7-85BB-9361ECDE038F}.Release|Any CPU.Build.0 = Release|Any CPU
		{B4D22082-28C9-47B7-B1E9-8D462D219083}.Debug|Any CPU.ActiveCfg = Debug|Any CPU
		{B4D22082-28C9-47B7-B1E9-8D462D219083}.Debug|Any CPU.Build.0 = Debug|Any CPU
		{B4D22082-28C9-47B7-B1E9-8D462D219083}.Release|Any CPU.ActiveCfg = Release|Any CPU
		{B4D22082-28C9-47B7-B1E9-8D462D219083}.Release|Any CPU.Build.0 = Release|Any CPU
	EndGlobalSection
	GlobalSection(SolutionProperties) = preSolution
		HideSolutionNode = FALSE
	EndGlobalSection
	GlobalSection(ExtensibilityGlobals) = postSolution
		SolutionGuid = {64F9C48F-1D03-4A86-B270-181F94506417}
	EndGlobalSection
EndGlobal
